schema: '2.0'
stages:
  parse:
    cmd: python src/pdfplumber_tess_extractor.py
    deps:
    - path: data/raw/pdf/
      hash: md5
      md5: 7c6a5a0de70512732d9672262863372a.dir
      size: 3360824
      nfiles: 1
    - path: src/pdfplumber_tess_extractor.py
      hash: md5
      md5: b85f915576f76a77451e72d314f81566
      size: 40299
      isexec: true
    outs:
    - path: data/parsed/pdfplumber_tesseract/
      hash: md5
      md5: d93e0fade454769197e7d05b481d31f3.dir
      size: 760347
      nfiles: 225
  tables:
    cmd: python src/hybrid_pdf_extractor.py
    deps:
    - path: data/raw/pdf/
      hash: md5
      md5: 7c6a5a0de70512732d9672262863372a.dir
      size: 3360824
      nfiles: 1
    - path: src/hybrid_pdf_extractor.py
      hash: md5
      md5: fa050bb28dd12b8968f38b961a886f80
      size: 27824
      isexec: true
    outs:
    - path: data/parsed/hybrid/
      hash: md5
      md5: 3217e52ae7f31bcdf209e6fda49f3a78.dir
      size: 853310
      nfiles: 320
  layout:
    cmd: python src/layout_parser_extractor.py
    deps:
    - path: data/raw/pdf/
      hash: md5
      md5: 7c6a5a0de70512732d9672262863372a.dir
      size: 3360824
      nfiles: 1
    - path: models/layoutparser/
      hash: md5
      md5: f4f644fcebef9b762e47bab6e8017e23.dir
      size: 330186884
      nfiles: 2
    - path: src/layout_parser_extractor.py
      hash: md5
      md5: 75052ba697c851c44c689baca7d3bba1
      size: 39174
      isexec: true
    outs:
    - path: data/parsed/layout_parser/
      hash: md5
      md5: d751713988987e9331980363e24189ce.dir
      size: 0
      nfiles: 0
  docling:
    cmd: python src/docling_extractor.py
    deps:
    - path: data/raw/pdf/
      hash: md5
      md5: 7c6a5a0de70512732d9672262863372a.dir
      size: 3360824
      nfiles: 1
    - path: src/docling_extractor.py
      hash: md5
      md5: c2daa6715a0cbc37511b4807c9729650
      size: 44344
      isexec: true
    outs:
    - path: data/parsed/docling/
      hash: md5
      md5: 017a6f40f8de9d2913762ed50737fe8c.dir
      size: 2300214
      nfiles: 188
  metadata:
    cmd: python src/metadata_extractor.py
    deps:
    - path: data/parsed/docling/
      hash: md5
      md5: 017a6f40f8de9d2913762ed50737fe8c.dir
      size: 2300214
      nfiles: 188
    - path: data/parsed/layout_parser/
      hash: md5
      md5: d751713988987e9331980363e24189ce.dir
      size: 0
      nfiles: 0
    - path: data/parsed/pdfplumber_tesseract/
      hash: md5
      md5: d93e0fade454769197e7d05b481d31f3.dir
      size: 760347
      nfiles: 225
    - path: src/metadata_extractor.py
      hash: md5
      md5: 7485568a3fcafa53908b2f01150570ee
      size: 108567
      isexec: true
    outs:
    - path: data/metadata/
      hash: md5
      md5: 125f1dce26c7ea0643c31a9d793fcfe0.dir
      size: 4574158
      nfiles: 18
  compare:
    cmd: python src/extraction_comparator.py
    deps:
    - path: data/parsed/docling/
      hash: md5
      md5: 017a6f40f8de9d2913762ed50737fe8c.dir
      size: 2300214
      nfiles: 188
    - path: data/parsed/hybrid/
      hash: md5
      md5: 3217e52ae7f31bcdf209e6fda49f3a78.dir
      size: 853310
      nfiles: 320
    - path: data/parsed/layout_parser/
      hash: md5
      md5: d751713988987e9331980363e24189ce.dir
      size: 0
      nfiles: 0
    - path: data/parsed/pdfplumber_tesseract/
      hash: md5
      md5: d93e0fade454769197e7d05b481d31f3.dir
      size: 760347
      nfiles: 225
    - path: src/extraction_comparator.py
      hash: md5
      md5: 650396238561a7e7f0e1611571ef5d53
      size: 34429
      isexec: true
    outs:
    - path: data/parsed/comparison/
      hash: md5
      md5: 598edc0a6102defcc26810b637f4d58c.dir
      size: 13284
      nfiles: 13
  export:
    cmd: python src/method_specific_markdown_generator.py
    deps:
    - path: data/metadata/
      hash: md5
      md5: 125f1dce26c7ea0643c31a9d793fcfe0.dir
      size: 4574158
      nfiles: 18
    - path: data/parsed/comparison/
      hash: md5
      md5: 598edc0a6102defcc26810b637f4d58c.dir
      size: 13284
      nfiles: 13
    - path: src/method_specific_markdown_generator.py
      hash: md5
      md5: d4741c27182315591882e74e2264888d
      size: 91454
      isexec: true
    outs:
    - path: data/reports/markdown/
      hash: md5
      md5: 53723e3cfa27106103a336dd75387b17.dir
      size: 1574098
      nfiles: 3
