schema: '2.0'
stages:
  parse:
    cmd: python src/pdfplumber_tess_extractor.py
    deps:
    - path: data/raw/pdf/
      hash: md5
      md5: 7c6a5a0de70512732d9672262863372a.dir
      size: 3360824
      nfiles: 1
    - path: src/pdfplumber_tess_extractor.py
      hash: md5
      md5: b85f915576f76a77451e72d314f81566
      size: 40299
      isexec: true
    outs:
    - path: data/parsed/pdfplumber_tesseract/
      hash: md5
      md5: d93e0fade454769197e7d05b481d31f3.dir
      size: 760347
      nfiles: 225
  tables:
    cmd: python src/hybrid_pdf_extractor.py
    deps:
    - path: data/raw/pdf/
      hash: md5
      md5: 7c6a5a0de70512732d9672262863372a.dir
      size: 3360824
      nfiles: 1
    - path: src/hybrid_pdf_extractor.py
      hash: md5
      md5: fa050bb28dd12b8968f38b961a886f80
      size: 27824
      isexec: true
    outs:
    - path: data/parsed/hybrid/
      hash: md5
      md5: 3217e52ae7f31bcdf209e6fda49f3a78.dir
      size: 853310
      nfiles: 320
  layout:
    cmd: python src/layout_parser_extractor.py
    deps:
    - path: data/raw/pdf/
      hash: md5
      md5: 7c6a5a0de70512732d9672262863372a.dir
      size: 3360824
      nfiles: 1
    - path: models/layoutparser/
      hash: md5
      md5: f4f644fcebef9b762e47bab6e8017e23.dir
      size: 330186884
      nfiles: 2
    - path: src/layout_parser_extractor.py
      hash: md5
      md5: 75052ba697c851c44c689baca7d3bba1
      size: 39174
      isexec: true
    outs:
    - path: data/parsed/layout_parser/
      hash: md5
      md5: d751713988987e9331980363e24189ce.dir
      size: 0
      nfiles: 0
  docling:
    cmd: python src/docling_extractor.py
    deps:
    - path: data/raw/pdf/
      hash: md5
      md5: 7c6a5a0de70512732d9672262863372a.dir
      size: 3360824
      nfiles: 1
    - path: src/docling_extractor.py
      hash: md5
      md5: c2daa6715a0cbc37511b4807c9729650
      size: 44344
    outs:
    - path: data/parsed/docling/
      hash: md5
      md5: 4e59e1d2e64c9b404f32a9e78dd5fd30.dir
      size: 2302298
      nfiles: 188
  metadata:
    cmd: python src/metadata_extractor.py
    deps:
    - path: data/parsed/docling/
      hash: md5
      md5: 4e59e1d2e64c9b404f32a9e78dd5fd30.dir
      size: 2302298
      nfiles: 188
    - path: data/parsed/layout_parser/
      hash: md5
      md5: 5bb60b65acf655f47dc58fb3873f5a2c.dir
      size: 194361936
      nfiles: 1983
    - path: data/parsed/pdfplumber_tesseract/
      hash: md5
      md5: 9068a6f8f7e630472df005c1c3156305.dir
      size: 810814
      nfiles: 225
    - path: src/metadata_extractor.py
      hash: md5
      md5: 7485568a3fcafa53908b2f01150570ee
      size: 108567
    outs:
    - path: data/metadata/
      hash: md5
      md5: 5a7e2b0ccaceb002d0a9139307afd78d.dir
      size: 6590590
      nfiles: 19
  compare:
    cmd: python src/extraction_comparator.py
    deps:
    - path: data/parsed/docling/
      hash: md5
      md5: 4e59e1d2e64c9b404f32a9e78dd5fd30.dir
      size: 2302298
      nfiles: 188
    - path: data/parsed/hybrid/
      hash: md5
      md5: ff4e803ff65ff72638e2e137ffff09dc.dir
      size: 886662
      nfiles: 320
    - path: data/parsed/layout_parser/
      hash: md5
      md5: 5bb60b65acf655f47dc58fb3873f5a2c.dir
      size: 194361936
      nfiles: 1983
    - path: data/parsed/pdfplumber_tesseract/
      hash: md5
      md5: 9068a6f8f7e630472df005c1c3156305.dir
      size: 810814
      nfiles: 225
    - path: src/extraction_comparator.py
      hash: md5
      md5: 650396238561a7e7f0e1611571ef5d53
      size: 34429
    outs:
    - path: data/parsed/comparison/
      hash: md5
      md5: edfe94e9b3c8d8d01fbdeec5ce03f2d0.dir
      size: 15650
      nfiles: 10
  export:
    cmd: python src/method_specific_markdown_generator.py
    deps:
    - path: data/metadata/
      hash: md5
      md5: 5a7e2b0ccaceb002d0a9139307afd78d.dir
      size: 6590590
      nfiles: 19
    - path: data/parsed/comparison/
      hash: md5
      md5: edfe94e9b3c8d8d01fbdeec5ce03f2d0.dir
      size: 15650
      nfiles: 10
    - path: src/method_specific_markdown_generator.py
      hash: md5
      md5: 4a24c0adc54fd316ebbbde318b4e9a0c
      size: 91454
    outs:
    - path: data/exports/markdown/
      hash: md5
      md5: d83a839ae9d037b314333267a716aa8f.dir
      size: 2089798
      nfiles: 4
  download:
    cmd: python pilots/downloader-sec.py
    deps:
    - path: pilots/downloader-sec.py
      hash: md5
      md5: 16bcdf294460f944de7052b68b0b368e
      size: 746
    outs:
    - path: data/downloads/
      hash: md5
      md5: 6e15c5249064e2a2fe8a1fca2fe678d9.dir
      size: 238968131
      nfiles: 24
  pdfplumber:
    cmd: python src/pdfplumber_tess_extractor.py
    deps:
    - path: data/raw/pdf/
      hash: md5
      md5: 7c6a5a0de70512732d9672262863372a.dir
      size: 3360824
      nfiles: 1
    - path: src/pdfplumber_tess_extractor.py
      hash: md5
      md5: b85f915576f76a77451e72d314f81566
      size: 40299
    outs:
    - path: data/parsed/pdfplumber_tesseract/
      hash: md5
      md5: 9068a6f8f7e630472df005c1c3156305.dir
      size: 810814
      nfiles: 225
  hybrid:
    cmd: python src/hybrid_pdf_extractor.py
    deps:
    - path: data/raw/pdf/
      hash: md5
      md5: 7c6a5a0de70512732d9672262863372a.dir
      size: 3360824
      nfiles: 1
    - path: src/hybrid_pdf_extractor.py
      hash: md5
      md5: fa050bb28dd12b8968f38b961a886f80
      size: 27824
    outs:
    - path: data/parsed/hybrid/
      hash: md5
      md5: ff4e803ff65ff72638e2e137ffff09dc.dir
      size: 886662
      nfiles: 320
  layout-parser:
    cmd: python src/layout_parser_extractor.py
    deps:
    - path: data/raw/pdf/
      hash: md5
      md5: 7c6a5a0de70512732d9672262863372a.dir
      size: 3360824
      nfiles: 1
    - path: models/layoutparser/
      hash: md5
      md5: f4f644fcebef9b762e47bab6e8017e23.dir
      size: 330186884
      nfiles: 2
    - path: src/layout_parser_extractor.py
      hash: md5
      md5: 75052ba697c851c44c689baca7d3bba1
      size: 39174
    outs:
    - path: data/parsed/layout_parser/
      hash: md5
      md5: 5bb60b65acf655f47dc58fb3873f5a2c.dir
      size: 194361936
      nfiles: 1983
